
Microsoft Visual Studio Solution File, Format Version 12.00
# Visual Studio Version 16
VisualStudioVersion = 16.0.30114.105
MinimumVisualStudioVersion = 10.0.40219.1
Project("{2150E333-8FDC-42A3-9474-1A3956D46DE8}") = ".paket", ".paket", "{F39ADAD0-91F3-4E48-A3EA-046BBB202A76}"
	ProjectSection(SolutionItems) = preProject
		paket.dependencies = paket.dependencies
	EndProjectSection
EndProject
Project("{F2A71F9B-5D33-465A-A702-920D77279786}") = "fsharp-fable-sample", "src\fsharp-fable-sample.fsproj", "{A82931CA-2FEE-450B-91A3-4DF096CE26DA}"
EndProject
Global
	GlobalSection(SolutionConfigurationPlatforms) = preSolution
		Debug|Any CPU = Debug|Any CPU
		Release|Any CPU = Release|Any CPU
	EndGlobalSection
	GlobalSection(SolutionProperties) = preSolution
		HideSolutionNode = FALSE
	EndGlobalSection
	GlobalSection(ProjectConfigurationPlatforms) = postSolution
		{A82931CA-2FEE-450B-91A3-4DF096CE26DA}.Debug|Any CPU.ActiveCfg = Debug|Any CPU
		{A82931CA-2FEE-450B-91A3-4DF096CE26DA}.Debug|Any CPU.Build.0 = Debug|Any CPU
		{A82931CA-2FEE-450B-91A3-4DF096CE26DA}.Release|Any CPU.ActiveCfg = Release|Any CPU
		{A82931CA-2FEE-450B-91A3-4DF096CE26DA}.Release|Any CPU.Build.0 = Release|Any CPU
	EndGlobalSection
EndGlobal
